
Microsoft Visual Studio Solution File, Format Version 12.00
# Visual Studio Version 17
VisualStudioVersion = 17.12.35707.178
MinimumVisualStudioVersion = 10.0.40219.1
Project("{2150E333-8FDC-42A3-9474-1A3956D46DE8}") = "src", "src", "{40A870B8-32B4-4291-A668-15CD72C779AD}"
EndProject
Project("{2150E333-8FDC-42A3-9474-1A3956D46DE8}") = "tests", "tests", "{6132C666-07D7-4902-BDD1-C3078B743597}"
EndProject
Project("{2150E333-8FDC-42A3-9474-1A3956D46DE8}") = "Solution Items", "Solution Items", "{B35DFD25-0F42-401F-A40C-537703053DFA}"
	ProjectSection(SolutionItems) = preProject
		README.md = README.md
	EndProjectSection
EndProject
Project("{FAE04EC0-301F-11D3-BF4B-00C04F79EFBC}") = "CallbackCore", "src\CallbackCore\CallbackCore.csproj", "{42550E14-94D8-4679-A6F0-B343C07F1A98}"
EndProject
Project("{FAE04EC0-301F-11D3-BF4B-00C04F79EFBC}") = "Callback.LogicTest", "tests\Callback.LogicTest\Callback.LogicTest.csproj", "{A6241EA9-A7A5-478C-A0E1-645756651B7C}"
EndProject
Global
	GlobalSection(SolutionConfigurationPlatforms) = preSolution
		Debug|Any CPU = Debug|Any CPU
		Release|Any CPU = Release|Any CPU
	EndGlobalSection
	GlobalSection(ProjectConfigurationPlatforms) = postSolution
		{42550E14-94D8-4679-A6F0-B343C07F1A98}.Debug|Any CPU.ActiveCfg = Debug|Any CPU
		{42550E14-94D8-4679-A6F0-B343C07F1A98}.Debug|Any CPU.Build.0 = Debug|Any CPU
		{42550E14-94D8-4679-A6F0-B343C07F1A98}.Release|Any CPU.ActiveCfg = Release|Any CPU
		{42550E14-94D8-4679-A6F0-B343C07F1A98}.Release|Any CPU.Build.0 = Release|Any CPU
		{A6241EA9-A7A5-478C-A0E1-645756651B7C}.Debug|Any CPU.ActiveCfg = Debug|Any CPU
		{A6241EA9-A7A5-478C-A0E1-645756651B7C}.Debug|Any CPU.Build.0 = Debug|Any CPU
		{A6241EA9-A7A5-478C-A0E1-645756651B7C}.Release|Any CPU.ActiveCfg = Release|Any CPU
		{A6241EA9-A7A5-478C-A0E1-645756651B7C}.Release|Any CPU.Build.0 = Release|Any CPU
	EndGlobalSection
	GlobalSection(SolutionProperties) = preSolution
		HideSolutionNode = FALSE
	EndGlobalSection
	GlobalSection(NestedProjects) = preSolution
		{42550E14-94D8-4679-A6F0-B343C07F1A98} = {40A870B8-32B4-4291-A668-15CD72C779AD}
		{A6241EA9-A7A5-478C-A0E1-645756651B7C} = {6132C666-07D7-4902-BDD1-C3078B743597}
	EndGlobalSection
EndGlobal
